
Microsoft Visual Studio Solution File, Format Version 12.00
# Visual Studio Version 17
VisualStudioVersion = 17.7.34024.191
MinimumVisualStudioVersion = 10.0.40219.1
Project("{FAE04EC0-301F-11D3-BF4B-00C04F79EFBC}") = "avg-stream-length", "avg-stream-length\avg-stream-length.csproj", "{068C97CB-B403-41ED-8DC2-F177EE2FD0D2}"
EndProject
Global
	GlobalSection(SolutionConfigurationPlatforms) = preSolution
		Debug|Any CPU = Debug|Any CPU
		Release|Any CPU = Release|Any CPU
	EndGlobalSection
	GlobalSection(ProjectConfigurationPlatforms) = postSolution
		{068C97CB-B403-41ED-8DC2-F177EE2FD0D2}.Debug|Any CPU.ActiveCfg = Debug|Any CPU
		{068C97CB-B403-41ED-8DC2-F177EE2FD0D2}.Debug|Any CPU.Build.0 = Debug|Any CPU
		{068C97CB-B403-41ED-8DC2-F177EE2FD0D2}.Release|Any CPU.ActiveCfg = Release|Any CPU
		{068C97CB-B403-41ED-8DC2-F177EE2FD0D2}.Release|Any CPU.Build.0 = Release|Any CPU
	EndGlobalSection
	GlobalSection(SolutionProperties) = preSolution
		HideSolutionNode = FALSE
	EndGlobalSection
	GlobalSection(ExtensibilityGlobals) = postSolution
		SolutionGuid = {00973941-2193-4F56-A1F6-CA09DB067F6A}
	EndGlobalSection
EndGlobal
